
Microsoft Visual Studio Solution File, Format Version 12.00
# Visual Studio Version 16
VisualStudioVersion = 16.0.29728.190
MinimumVisualStudioVersion = 10.0.40219.1
Project("{FAE04EC0-301F-11D3-BF4B-00C04F79EFBC}") = "BitlyAPI", "BitlyAPI.csproj", "{70A240FA-D46C-4B64-BA03-E3D44218311C}"
EndProject
Project("{FAE04EC0-301F-11D3-BF4B-00C04F79EFBC}") = "BitlyTestV4", "BitlyTestV4\BitlyTestV4.csproj", "{544F674C-AD0F-40C3-AA00-9CE4AE34D4CC}"
EndProject
Project("{2150E333-8FDC-42A3-9474-1A3956D46DE8}") = "Solution Items", "Solution Items", "{8D908BC0-C84D-431F-BFFB-C660D7B80267}"
EndProject
Project("{9A19103F-16F7-4668-BE54-9A1E7A4F7556}") = "BitlyApiV4", "BitlyApiV4\BitlyApiV4.csproj", "{88942DA5-3A21-4B30-93AF-DFAC5DC5FC9A}"
EndProject
Global
	GlobalSection(SolutionConfigurationPlatforms) = preSolution
		Debug|Any CPU = Debug|Any CPU
		Debug|x64 = Debug|x64
		Debug|x86 = Debug|x86
		Release|Any CPU = Release|Any CPU
		Release|x64 = Release|x64
		Release|x86 = Release|x86
	EndGlobalSection
	GlobalSection(ProjectConfigurationPlatforms) = postSolution
		{70A240FA-D46C-4B64-BA03-E3D44218311C}.Debug|Any CPU.ActiveCfg = Debug|Any CPU
		{70A240FA-D46C-4B64-BA03-E3D44218311C}.Debug|x64.ActiveCfg = Debug|Any CPU
		{70A240FA-D46C-4B64-BA03-E3D44218311C}.Debug|x64.Build.0 = Debug|Any CPU
		{70A240FA-D46C-4B64-BA03-E3D44218311C}.Debug|x86.ActiveCfg = Debug|Any CPU
		{70A240FA-D46C-4B64-BA03-E3D44218311C}.Debug|x86.Build.0 = Debug|Any CPU
		{70A240FA-D46C-4B64-BA03-E3D44218311C}.Release|Any CPU.ActiveCfg = Release|Any CPU
		{70A240FA-D46C-4B64-BA03-E3D44218311C}.Release|Any CPU.Build.0 = Release|Any CPU
		{70A240FA-D46C-4B64-BA03-E3D44218311C}.Release|x64.ActiveCfg = Release|Any CPU
		{70A240FA-D46C-4B64-BA03-E3D44218311C}.Release|x64.Build.0 = Release|Any CPU
		{70A240FA-D46C-4B64-BA03-E3D44218311C}.Release|x86.ActiveCfg = Release|Any CPU
		{70A240FA-D46C-4B64-BA03-E3D44218311C}.Release|x86.Build.0 = Release|Any CPU
		{544F674C-AD0F-40C3-AA00-9CE4AE34D4CC}.Debug|Any CPU.ActiveCfg = Debug|Any CPU
		{544F674C-AD0F-40C3-AA00-9CE4AE34D4CC}.Debug|Any CPU.Build.0 = Debug|Any CPU
		{544F674C-AD0F-40C3-AA00-9CE4AE34D4CC}.Debug|x64.ActiveCfg = Debug|Any CPU
		{544F674C-AD0F-40C3-AA00-9CE4AE34D4CC}.Debug|x64.Build.0 = Debug|Any CPU
		{544F674C-AD0F-40C3-AA00-9CE4AE34D4CC}.Debug|x86.ActiveCfg = Debug|Any CPU
		{544F674C-AD0F-40C3-AA00-9CE4AE34D4CC}.Debug|x86.Build.0 = Debug|Any CPU
		{544F674C-AD0F-40C3-AA00-9CE4AE34D4CC}.Release|Any CPU.ActiveCfg = Release|Any CPU
		{544F674C-AD0F-40C3-AA00-9CE4AE34D4CC}.Release|Any CPU.Build.0 = Release|Any CPU
		{544F674C-AD0F-40C3-AA00-9CE4AE34D4CC}.Release|x64.ActiveCfg = Release|Any CPU
		{544F674C-AD0F-40C3-AA00-9CE4AE34D4CC}.Release|x64.Build.0 = Release|Any CPU
		{544F674C-AD0F-40C3-AA00-9CE4AE34D4CC}.Release|x86.ActiveCfg = Release|Any CPU
		{544F674C-AD0F-40C3-AA00-9CE4AE34D4CC}.Release|x86.Build.0 = Release|Any CPU
		{88942DA5-3A21-4B30-93AF-DFAC5DC5FC9A}.Debug|Any CPU.ActiveCfg = Debug|Any CPU
		{88942DA5-3A21-4B30-93AF-DFAC5DC5FC9A}.Debug|Any CPU.Build.0 = Debug|Any CPU
		{88942DA5-3A21-4B30-93AF-DFAC5DC5FC9A}.Debug|x64.ActiveCfg = Debug|Any CPU
		{88942DA5-3A21-4B30-93AF-DFAC5DC5FC9A}.Debug|x64.Build.0 = Debug|Any CPU
		{88942DA5-3A21-4B30-93AF-DFAC5DC5FC9A}.Debug|x86.ActiveCfg = Debug|Any CPU
		{88942DA5-3A21-4B30-93AF-DFAC5DC5FC9A}.Debug|x86.Build.0 = Debug|Any CPU
		{88942DA5-3A21-4B30-93AF-DFAC5DC5FC9A}.Release|Any CPU.ActiveCfg = Release|Any CPU
		{88942DA5-3A21-4B30-93AF-DFAC5DC5FC9A}.Release|Any CPU.Build.0 = Release|Any CPU
		{88942DA5-3A21-4B30-93AF-DFAC5DC5FC9A}.Release|x64.ActiveCfg = Release|Any CPU
		{88942DA5-3A21-4B30-93AF-DFAC5DC5FC9A}.Release|x64.Build.0 = Release|Any CPU
		{88942DA5-3A21-4B30-93AF-DFAC5DC5FC9A}.Release|x86.ActiveCfg = Release|Any CPU
		{88942DA5-3A21-4B30-93AF-DFAC5DC5FC9A}.Release|x86.Build.0 = Release|Any CPU
	EndGlobalSection
	GlobalSection(SolutionProperties) = preSolution
		HideSolutionNode = FALSE
	EndGlobalSection
	GlobalSection(ExtensibilityGlobals) = postSolution
		SolutionGuid = {5E9429AC-91FB-4DBA-9AF6-EC1BFCECF110}
	EndGlobalSection
EndGlobal
